
Microsoft Visual Studio Solution File, Format Version 12.00
# Visual Studio Version 16
VisualStudioVersion = 16.0.31112.23
MinimumVisualStudioVersion = 10.0.40219.1
Project("{FAE04EC0-301F-11D3-BF4B-00C04F79EFBC}") = "LostMyLighterGroup4", "LostMyLighterGroup4.csproj", "{8AAB1AC7-37D6-4D2F-A573-CED06530BD77}"
EndProject
Global
	GlobalSection(SolutionConfigurationPlatforms) = preSolution
		Debug|Any CPU = Debug|Any CPU
		Release|Any CPU = Release|Any CPU
	EndGlobalSection
	GlobalSection(ProjectConfigurationPlatforms) = postSolution
		{8AAB1AC7-37D6-4D2F-A573-CED06530BD77}.Debug|Any CPU.ActiveCfg = Debug|Any CPU
		{8AAB1AC7-37D6-4D2F-A573-CED06530BD77}.Debug|Any CPU.Build.0 = Debug|Any CPU
		{8AAB1AC7-37D6-4D2F-A573-CED06530BD77}.Release|Any CPU.ActiveCfg = Release|Any CPU
		{8AAB1AC7-37D6-4D2F-A573-CED06530BD77}.Release|Any CPU.Build.0 = Release|Any CPU
	EndGlobalSection
	GlobalSection(SolutionProperties) = preSolution
		HideSolutionNode = FALSE
	EndGlobalSection
	GlobalSection(ExtensibilityGlobals) = postSolution
		SolutionGuid = {650B7B6E-8BF4-4914-92C5-A61A1B15AF5F}
	EndGlobalSection
EndGlobal
